
Microsoft Visual Studio Solution File, Format Version 12.00
# Visual Studio for Mac
Project("{FAE04EC0-301F-11D3-BF4B-00C04F79EFBC}") = "Volvo ShowRoom", "Volvo ShowRoom.csproj", "{978A2C9A-22D7-9A6F-80D9-26BE42DCC41A}"
EndProject
Project("{FAE04EC0-301F-11D3-BF4B-00C04F79EFBC}") = "Volvo ShowRoom.Editor", "Volvo ShowRoom.Editor.csproj", "{81855B37-313D-D2E8-694B-71F35D7164D2}"
EndProject
Global
	GlobalSection(SolutionConfigurationPlatforms) = preSolution
		Debug|Any CPU = Debug|Any CPU
		Release|Any CPU = Release|Any CPU
	EndGlobalSection
	GlobalSection(ProjectConfigurationPlatforms) = postSolution
		{978A2C9A-22D7-9A6F-80D9-26BE42DCC41A}.Debug|Any CPU.ActiveCfg = Debug|Any CPU
		{978A2C9A-22D7-9A6F-80D9-26BE42DCC41A}.Debug|Any CPU.Build.0 = Debug|Any CPU
		{978A2C9A-22D7-9A6F-80D9-26BE42DCC41A}.Release|Any CPU.ActiveCfg = Release|Any CPU
		{978A2C9A-22D7-9A6F-80D9-26BE42DCC41A}.Release|Any CPU.Build.0 = Release|Any CPU
		{81855B37-313D-D2E8-694B-71F35D7164D2}.Debug|Any CPU.ActiveCfg = Debug|Any CPU
		{81855B37-313D-D2E8-694B-71F35D7164D2}.Debug|Any CPU.Build.0 = Debug|Any CPU
		{81855B37-313D-D2E8-694B-71F35D7164D2}.Release|Any CPU.ActiveCfg = Release|Any CPU
		{81855B37-313D-D2E8-694B-71F35D7164D2}.Release|Any CPU.Build.0 = Release|Any CPU
	EndGlobalSection
	GlobalSection(SolutionProperties) = preSolution
		HideSolutionNode = FALSE
	EndGlobalSection
EndGlobal
